
Microsoft Visual Studio Solution File, Format Version 12.00
# Visual Studio 2012
Project("{FAE04EC0-301F-11D3-BF4B-00C04F79EFBC}") = "SearchProvidor.Tests", "SearchProvidor.Tests.csproj", "{47D00A56-52D6-4387-A304-66553EF5888D}"
EndProject
Project("{FAE04EC0-301F-11D3-BF4B-00C04F79EFBC}") = "SearchProvidor", "..\SearchProvidor\SearchProvidor.csproj", "{C43C6E49-C2EE-41CC-9321-89115B1EBA59}"
EndProject
Global
	GlobalSection(SolutionConfigurationPlatforms) = preSolution
		Debug|Any CPU = Debug|Any CPU
		Release|Any CPU = Release|Any CPU
	EndGlobalSection
	GlobalSection(ProjectConfigurationPlatforms) = postSolution
		{47D00A56-52D6-4387-A304-66553EF5888D}.Debug|Any CPU.ActiveCfg = Debug|Any CPU
		{47D00A56-52D6-4387-A304-66553EF5888D}.Debug|Any CPU.Build.0 = Debug|Any CPU
		{47D00A56-52D6-4387-A304-66553EF5888D}.Release|Any CPU.ActiveCfg = Release|Any CPU
		{47D00A56-52D6-4387-A304-66553EF5888D}.Release|Any CPU.Build.0 = Release|Any CPU
		{C43C6E49-C2EE-41CC-9321-89115B1EBA59}.Debug|Any CPU.ActiveCfg = Debug|Any CPU
		{C43C6E49-C2EE-41CC-9321-89115B1EBA59}.Debug|Any CPU.Build.0 = Debug|Any CPU
		{C43C6E49-C2EE-41CC-9321-89115B1EBA59}.Release|Any CPU.ActiveCfg = Release|Any CPU
		{C43C6E49-C2EE-41CC-9321-89115B1EBA59}.Release|Any CPU.Build.0 = Release|Any CPU
	EndGlobalSection
	GlobalSection(SolutionProperties) = preSolution
		HideSolutionNode = FALSE
	EndGlobalSection
EndGlobal
